
Microsoft Visual Studio Solution File, Format Version 12.00
# Visual Studio Version 17
VisualStudioVersion = 17.4.33213.308
MinimumVisualStudioVersion = 10.0.40219.1
Project("{9A19103F-16F7-4668-BE54-9A1E7A4F7556}") = "MagicVilla", "MagicVilla\MagicVilla.csproj", "{54312D91-1157-414F-9320-6F6530E5555E}"
EndProject
Project("{9A19103F-16F7-4668-BE54-9A1E7A4F7556}") = "CorpEstate", "CorpEstate\CorpEstate.csproj", "{D58B7416-81F2-4811-80FF-558DF7B31DE2}"
EndProject
Project("{FAE04EC0-301F-11D3-BF4B-00C04F79EFBC}") = "JwtWebApi", "JwtWebApi\JwtWebApi.csproj", "{A2A11AD2-5631-43F9-A540-99C84E34A118}"
EndProject
Global
	GlobalSection(SolutionConfigurationPlatforms) = preSolution
		Debug|Any CPU = Debug|Any CPU
		Release|Any CPU = Release|Any CPU
	EndGlobalSection
	GlobalSection(ProjectConfigurationPlatforms) = postSolution
		{54312D91-1157-414F-9320-6F6530E5555E}.Debug|Any CPU.ActiveCfg = Debug|Any CPU
		{54312D91-1157-414F-9320-6F6530E5555E}.Debug|Any CPU.Build.0 = Debug|Any CPU
		{54312D91-1157-414F-9320-6F6530E5555E}.Release|Any CPU.ActiveCfg = Release|Any CPU
		{54312D91-1157-414F-9320-6F6530E5555E}.Release|Any CPU.Build.0 = Release|Any CPU
		{D58B7416-81F2-4811-80FF-558DF7B31DE2}.Debug|Any CPU.ActiveCfg = Debug|Any CPU
		{D58B7416-81F2-4811-80FF-558DF7B31DE2}.Debug|Any CPU.Build.0 = Debug|Any CPU
		{D58B7416-81F2-4811-80FF-558DF7B31DE2}.Release|Any CPU.ActiveCfg = Release|Any CPU
		{D58B7416-81F2-4811-80FF-558DF7B31DE2}.Release|Any CPU.Build.0 = Release|Any CPU
		{A2A11AD2-5631-43F9-A540-99C84E34A118}.Debug|Any CPU.ActiveCfg = Debug|Any CPU
		{A2A11AD2-5631-43F9-A540-99C84E34A118}.Debug|Any CPU.Build.0 = Debug|Any CPU
		{A2A11AD2-5631-43F9-A540-99C84E34A118}.Release|Any CPU.ActiveCfg = Release|Any CPU
		{A2A11AD2-5631-43F9-A540-99C84E34A118}.Release|Any CPU.Build.0 = Release|Any CPU
	EndGlobalSection
	GlobalSection(SolutionProperties) = preSolution
		HideSolutionNode = FALSE
	EndGlobalSection
	GlobalSection(ExtensibilityGlobals) = postSolution
		SolutionGuid = {89CDCAC6-B6F6-4DA0-8373-DF94A61A9A89}
	EndGlobalSection
EndGlobal
